
Microsoft Visual Studio Solution File, Format Version 12.00
# Visual Studio Version 16
VisualStudioVersion = 16.0.30011.22
MinimumVisualStudioVersion = 10.0.40219.1
Project("{FAE04EC0-301F-11D3-BF4B-00C04F79EFBC}") = "ThirdPartyContainer", "ThirdPartyContainer.csproj", "{C654371D-2C10-482D-A440-A47C76EA7F09}"
EndProject
Global
	GlobalSection(SolutionConfigurationPlatforms) = preSolution
		Debug|Any CPU = Debug|Any CPU
		Release|Any CPU = Release|Any CPU
	EndGlobalSection
	GlobalSection(ProjectConfigurationPlatforms) = postSolution
		{C654371D-2C10-482D-A440-A47C76EA7F09}.Debug|Any CPU.ActiveCfg = Debug|Any CPU
		{C654371D-2C10-482D-A440-A47C76EA7F09}.Debug|Any CPU.Build.0 = Debug|Any CPU
		{C654371D-2C10-482D-A440-A47C76EA7F09}.Release|Any CPU.ActiveCfg = Release|Any CPU
		{C654371D-2C10-482D-A440-A47C76EA7F09}.Release|Any CPU.Build.0 = Release|Any CPU
	EndGlobalSection
	GlobalSection(SolutionProperties) = preSolution
		HideSolutionNode = FALSE
	EndGlobalSection
	GlobalSection(ExtensibilityGlobals) = postSolution
		SolutionGuid = {00DB478E-7DB3-441D-B626-DBACE95C61D4}
	EndGlobalSection
EndGlobal
