
Microsoft Visual Studio Solution File, Format Version 12.00
# Visual Studio Version 16
VisualStudioVersion = 16.0.29519.181
MinimumVisualStudioVersion = 10.0.40219.1
Project("{9A19103F-16F7-4668-BE54-9A1E7A4F7556}") = "Radical.Samples", "Radical.Samples\Radical.Samples.csproj", "{5213A9D0-EBC6-4B79-88C5-F9618B22E566}"
EndProject
Project("{9A19103F-16F7-4668-BE54-9A1E7A4F7556}") = "Radical.Samples.Components", "Radical.Samples.Components\Radical.Samples.Components.csproj", "{69C801A6-9E90-4A8F-A3F8-DBC21C7F5703}"
EndProject
Global
	GlobalSection(SolutionConfigurationPlatforms) = preSolution
		Debug|Any CPU = Debug|Any CPU
		Release|Any CPU = Release|Any CPU
	EndGlobalSection
	GlobalSection(ProjectConfigurationPlatforms) = postSolution
		{5213A9D0-EBC6-4B79-88C5-F9618B22E566}.Debug|Any CPU.ActiveCfg = Debug|Any CPU
		{5213A9D0-EBC6-4B79-88C5-F9618B22E566}.Debug|Any CPU.Build.0 = Debug|Any CPU
		{5213A9D0-EBC6-4B79-88C5-F9618B22E566}.Release|Any CPU.ActiveCfg = Release|Any CPU
		{5213A9D0-EBC6-4B79-88C5-F9618B22E566}.Release|Any CPU.Build.0 = Release|Any CPU
		{69C801A6-9E90-4A8F-A3F8-DBC21C7F5703}.Debug|Any CPU.ActiveCfg = Debug|Any CPU
		{69C801A6-9E90-4A8F-A3F8-DBC21C7F5703}.Debug|Any CPU.Build.0 = Debug|Any CPU
		{69C801A6-9E90-4A8F-A3F8-DBC21C7F5703}.Release|Any CPU.ActiveCfg = Release|Any CPU
		{69C801A6-9E90-4A8F-A3F8-DBC21C7F5703}.Release|Any CPU.Build.0 = Release|Any CPU
	EndGlobalSection
	GlobalSection(SolutionProperties) = preSolution
		HideSolutionNode = FALSE
	EndGlobalSection
	GlobalSection(ExtensibilityGlobals) = postSolution
		EnterpriseLibraryConfigurationToolBinariesPath = packages\Unity.2.1.505.2\lib\NET35
		SolutionGuid = {6DF6322E-6E3C-4591-B53A-F4F03ECE45FC}
	EndGlobalSection
EndGlobal
